// !$*UTF8*$!
{
	archiveVersion = 1;
	classes = {
	};
	objectVersion = 46;
	objects = {

/* Begin PBXBuildFile section */
		8CB8046F1A997EAC0070E081 /* AppDelegate.swift in Sources */ = {isa = PBXBuildFile; fileRef = 8CB8046E1A997EAC0070E081 /* AppDelegate.swift */; };
		8CB804711A997EAC0070E081 /* ViewController.swift in Sources */ = {isa = PBXBuildFile; fileRef = 8CB804701A997EAC0070E081 /* ViewController.swift */; };
		8CB804741A997EAC0070E081 /* Main.storyboard in Resources */ = {isa = PBXBuildFile; fileRef = 8CB804721A997EAC0070E081 /* Main.storyboard */; };
		8CB804761A997EAC0070E081 /* Images.xcassets in Resources */ = {isa = PBXBuildFile; fileRef = 8CB804751A997EAC0070E081 /* Images.xcassets */; };
		8CB804791A997EAC0070E081 /* LaunchScreen.xib in Resources */ = {isa = PBXBuildFile; fileRef = 8CB804771A997EAC0070E081 /* LaunchScreen.xib */; };
		8CB804851A997EAC0070E081 /* AdaptiveLayoutTests.swift in Sources */ = {isa = PBXBuildFile; fileRef = 8CB804841A997EAC0070E081 /* AdaptiveLayoutTests.swift */; };
/* End PBXBuildFile section */

/* Begin PBXContainerItemProxy section */
		8CB8047F1A997EAC0070E081 /* PBXContainerItemProxy */ = {
			isa = PBXContainerItemProxy;
			containerPortal = 8CB804611A997EAC0070E081 /* Project object */;
			proxyType = 1;
			remoteGlobalIDString = 8CB804681A997EAC0070E081;
			remoteInfo = AdaptiveLayout;
		};
/* End PBXContainerItemProxy section */

/* Begin PBXFileReference section */
		8CB804691A997EAC0070E081 /* AdaptiveLayout.app */ = {isa = PBXFileReference; explicitFileType = wrapper.application; includeInIndex = 0; path = AdaptiveLayout.app; sourceTree = BUILT_PRODUCTS_DIR; };
		8CB8046D1A997EAC0070E081 /* Info.plist */ = {isa = PBXFileReference; lastKnownFileType = text.plist.xml; path = Info.plist; sourceTree = "<group>"; };
		8CB8046E1A997EAC0070E081 /* AppDelegate.swift */ = {isa = PBXFileReference; lastKnownFileType = sourcecode.swift; path = AppDelegate.swift; sourceTree = "<group>"; };
		8CB804701A997EAC0070E081 /* ViewController.swift */ = {isa = PBXFileReference; lastKnownFileType = sourcecode.swift; path = ViewController.swift; sourceTree = "<group>"; };
		8CB804731A997EAC0070E081 /* Base */ = {isa = PBXFileReference; lastKnownFileType = file.storyboard; name = Base; path = Base.lproj/Main.storyboard; sourceTree = "<group>"; };
		8CB804751A997EAC0070E081 /* Images.xcassets */ = {isa = PBXFileReference; lastKnownFileType = folder.assetcatalog; path = Images.xcassets; sourceTree = "<group>"; };
		8CB804781A997EAC0070E081 /* Base */ = {isa = PBXFileReference; lastKnownFileType = file.xib; name = Base; path = Base.lproj/LaunchScreen.xib; sourceTree = "<group>"; };
		8CB8047E1A997EAC0070E081 /* AdaptiveLayoutTests.xctest */ = {isa = PBXFileReference; explicitFileType = wrapper.cfbundle; includeInIndex = 0; path = AdaptiveLayoutTests.xctest; sourceTree = BUILT_PRODUCTS_DIR; };
		8CB804831A997EAC0070E081 /* Info.plist */ = {isa = PBXFileReference; lastKnownFileType = text.plist.xml; path = Info.plist; sourceTree = "<group>"; };
		8CB804841A997EAC0070E081 /* AdaptiveLayoutTests.swift */ = {isa = PBXFileReference; lastKnownFileType = sourcecode.swift; path = AdaptiveLayoutTests.swift; sourceTree = "<group>"; };
/* End PBXFileReference section */

/* Begin PBXFrameworksBuildPhase section */
		8CB804661A997EAC0070E081 /* Frameworks */ = {
			isa = PBXFrameworksBuildPhase;
			buildActionMask = 2147483647;
			files = (
			);
			runOnlyForDeploymentPostprocessing = 0;
		};
		8CB8047B1A997EAC0070E081 /* Frameworks */ = {
			isa = PBXFrameworksBuildPhase;
			buildActionMask = 2147483647;
			files = (
			);
			runOnlyForDeploymentPostprocessing = 0;
		};
/* End PBXFrameworksBuildPhase section */

/* Begin PBXGroup section */
		8CB804601A997EAC0070E081 = {
			isa = PBXGroup;
			children = (
				8CB8046B1A997EAC0070E081 /* AdaptiveLayout */,
				8CB804811A997EAC0070E081 /* AdaptiveLayoutTests */,
				8CB8046A1A997EAC0070E081 /* Products */,
			);
			sourceTree = "<group>";
		};
		8CB8046A1A997EAC0070E081 /* Products */ = {
			isa = PBXGroup;
			children = (
				8CB804691A997EAC0070E081 /* AdaptiveLayout.app */,
				8CB8047E1A997EAC0070E081 /* AdaptiveLayoutTests.xctest */,
			);
			name = Products;
			sourceTree = "<group>";
		};
		8CB8046B1A997EAC0070E081 /* AdaptiveLayout */ = {
			isa = PBXGroup;
			children = (
				8CB8046E1A997EAC0070E081 /* AppDelegate.swift */,
				8CB804701A997EAC0070E081 /* ViewController.swift */,
				8CB804721A997EAC0070E081 /* Main.storyboard */,
				8CB804751A997EAC0070E081 /* Images.xcassets */,
				8CB804771A997EAC0070E081 /* LaunchScreen.xib */,
				8CB8046C1A997EAC0070E081 /* Supporting Files */,
			);
			path = AdaptiveLayout;
			sourceTree = "<group>";
		};
		8CB8046C1A997EAC0070E081 /* Supporting Files */ = {
			isa = PBXGroup;
			children = (
				8CB8046D1A997EAC0070E081 /* Info.plist */,
			);
			name = "Supporting Files";
			sourceTree = "<group>";
		};
		8CB804811A997EAC0070E081 /* AdaptiveLayoutTests */ = {
			isa = PBXGroup;
			children = (
				8CB804841A997EAC0070E081 /* AdaptiveLayoutTests.swift */,
				8CB804821A997EAC0070E081 /* Supporting Files */,
			);
			path = AdaptiveLayoutTests;
			sourceTree = "<group>";
		};
		8CB804821A997EAC0070E081 /* Supporting Files */ = {
			isa = PBXGroup;
			children = (
				8CB804831A997EAC0070E081 /* Info.plist */,
			);
			name = "Supporting Files";
			sourceTree = "<group>";
		};
/* End PBXGroup section */

/* Begin PBXNativeTarget section */
		8CB804681A997EAC0070E081 /* AdaptiveLayout */ = {
			isa = PBXNativeTarget;
			buildConfigurationList = 8CB804881A997EAC0070E081 /* Build configuration list for PBXNativeTarget "AdaptiveLayout" */;
			buildPhases = (
				8CB804651A997EAC0070E081 /* Sources */,
				8CB804661A997EAC0070E081 /* Frameworks */,
				8CB804671A997EAC0070E081 /* Resources */,
			);
			buildRules = (
			);
			dependencies = (
			);
			name = AdaptiveLayout;
			productName = AdaptiveLayout;
			productReference = 8CB804691A997EAC0070E081 /* AdaptiveLayout.app */;
			productType = "com.apple.product-type.application";
		};
		8CB8047D1A997EAC0070E081 /* AdaptiveLayoutTests */ = {
			isa = PBXNativeTarget;
			buildConfigurationList = 8CB8048B1A997EAC0070E081 /* Build configuration list for PBXNativeTarget "AdaptiveLayoutTests" */;
			buildPhases = (
				8CB8047A1A997EAC0070E081 /* Sources */,
				8CB8047B1A997EAC0070E081 /* Frameworks */,
				8CB8047C1A997EAC0070E081 /* Resources */,
			);
			buildRules = (
			);
			dependencies = (
				8CB804801A997EAC0070E081 /* PBXTargetDependency */,
			);
			name = AdaptiveLayoutTests;
			productName = AdaptiveLayoutTests;
			productReference = 8CB8047E1A997EAC0070E081 /* AdaptiveLayoutTests.xctest */;
			productType = "com.apple.product-type.bundle.unit-test";
		};
/* End PBXNativeTarget section */

/* Begin PBXProject section */
		8CB804611A997EAC0070E081 /* Project object */ = {
			isa = PBXProject;
			attributes = {
				LastUpgradeCheck = 0610;
				ORGANIZATIONNAME = norly;
				TargetAttributes = {
					8CB804681A997EAC0070E081 = {
						CreatedOnToolsVersion = 6.1.1;
					};
					8CB8047D1A997EAC0070E081 = {
						CreatedOnToolsVersion = 6.1.1;
						TestTargetID = 8CB804681A997EAC0070E081;
					};
				};
			};
			buildConfigurationList = 8CB804641A997EAC0070E081 /* Build configuration list for PBXProject "AdaptiveLayout" */;
			compatibilityVersion = "Xcode 3.2";
			developmentRegion = English;
			hasScannedForEncodings = 0;
			knownRegions = (
				en,
				Base,
			);
			mainGroup = 8CB804601A997EAC0070E081;
			productRefGroup = 8CB8046A1A997EAC0070E081 /* Products */;
			projectDirPath = "";
			projectRoot = "";
			targets = (
				8CB804681A997EAC0070E081 /* AdaptiveLayout */,
				8CB8047D1A997EAC0070E081 /* AdaptiveLayoutTests */,
			);
		};
/* End PBXProject section */

/* Begin PBXResourcesBuildPhase section */
		8CB804671A997EAC0070E081 /* Resources */ = {
			isa = PBXResourcesBuildPhase;
			buildActionMask = 2147483647;
			files = (
				8CB804741A997EAC0070E081 /* Main.storyboard in Resources */,
				8CB804791A997EAC0070E081 /* LaunchScreen.xib in Resources */,
				8CB804761A997EAC0070E081 /* Images.xcassets in Resources */,
			);
			runOnlyForDeploymentPostprocessing = 0;
		};
		8CB8047C1A997EAC0070E081 /* Resources */ = {
			isa = PBXResourcesBuildPhase;
			buildActionMask = 2147483647;
			files = (
			);
			runOnlyForDeploymentPostprocessing = 0;
		};
/* End PBXResourcesBuildPhase section */

/* Begin PBXSourcesBuildPhase section */
		8CB804651A997EAC0070E081 /* Sources */ = {
			isa = PBXSourcesBuildPhase;
			buildActionMask = 2147483647;
			files = (
				8CB804711A997EAC0070E081 /* ViewController.swift in Sources */,
				8CB8046F1A997EAC0070E081 /* AppDelegate.swift in Sources */,
			);
			runOnlyForDeploymentPostprocessing = 0;
		};
		8CB8047A1A997EAC0070E081 /* Sources */ = {
			isa = PBXSourcesBuildPhase;
			buildActionMask = 2147483647;
			files = (
				8CB804851A997EAC0070E081 /* AdaptiveLayoutTests.swift in Sources */,
			);
			runOnlyForDeploymentPostprocessing = 0;
		};
/* End PBXSourcesBuildPhase section */

/* Begin PBXTargetDependency section */
		8CB804801A997EAC0070E081 /* PBXTargetDependency */ = {
			isa = PBXTargetDependency;
			target = 8CB804681A997EAC0070E081 /* AdaptiveLayout */;
			targetProxy = 8CB8047F1A997EAC0070E081 /* PBXContainerItemProxy */;
		};
/* End PBXTargetDependency section */

/* Begin PBXVariantGroup section */
		8CB804721A997EAC0070E081 /* Main.storyboard */ = {
			isa = PBXVariantGroup;
			children = (
				8CB804731A997EAC0070E081 /* Base */,
			);
			name = Main.storyboard;
			sourceTree = "<group>";
		};
		8CB804771A997EAC0070E081 /* LaunchScreen.xib */ = {
			isa = PBXVariantGroup;
			children = (
				8CB804781A997EAC0070E081 /* Base */,
			);
			name = LaunchScreen.xib;
			sourceTree = "<group>";
		};
/* End PBXVariantGroup section */

/* Begin XCBuildConfiguration section */
		8CB804861A997EAC0070E081 /* Debug */ = {
			isa = XCBuildConfiguration;
			buildSettings = {
				ALWAYS_SEARCH_USER_PATHS = NO;
				CLANG_CXX_LANGUAGE_STANDARD = "gnu++0x";
				CLANG_CXX_LIBRARY = "libc++";
				CLANG_ENABLE_MODULES = YES;
				CLANG_ENABLE_OBJC_ARC = YES;
				CLANG_WARN_BOOL_CONVERSION = YES;
				CLANG_WARN_CONSTANT_CONVERSION = YES;
				CLANG_WARN_DIRECT_OBJC_ISA_USAGE = YES_ERROR;
				CLANG_WARN_EMPTY_BODY = YES;
				CLANG_WARN_ENUM_CONVERSION = YES;
				CLANG_WARN_INT_CONVERSION = YES;
				CLANG_WARN_OBJC_ROOT_CLASS = YES_ERROR;
				CLANG_WARN_UNREACHABLE_CODE = YES;
				CLANG_WARN__DUPLICATE_METHOD_MATCH = YES;
				"CODE_SIGN_IDENTITY[sdk=iphoneos*]" = "iPhone Developer";
				COPY_PHASE_STRIP = NO;
				ENABLE_STRICT_OBJC_MSGSEND = YES;
				GCC_C_LANGUAGE_STANDARD = gnu99;
				GCC_DYNAMIC_NO_PIC = NO;
				GCC_OPTIMIZATION_LEVEL = 0;
				GCC_PREPROCESSOR_DEFINITIONS = (
					"DEBUG=1",
					"$(inherited)",
				);
				GCC_SYMBOLS_PRIVATE_EXTERN = NO;
				GCC_WARN_64_TO_32_BIT_CONVERSION = YES;
				GCC_WARN_ABOUT_RETURN_TYPE = YES_ERROR;
				GCC_WARN_UNDECLARED_SELECTOR = YES;
				GCC_WARN_UNINITIALIZED_AUTOS = YES_AGGRESSIVE;
				GCC_WARN_UNUSED_FUNCTION = YES;
				GCC_WARN_UNUSED_VARIABLE = YES;
				IPHONEOS_DEPLOYMENT_TARGET = 8.1;
				MTL_ENABLE_DEBUG_INFO = YES;
				ONLY_ACTIVE_ARCH = YES;
				SDKROOT = iphoneos;
				SWIFT_OPTIMIZATION_LEVEL = "-Onone";
			};
			name = Debug;
		};
		8CB804871A997EAC0070E081 /* Release */ = {
			isa = XCBuildConfiguration;
			buildSettings = {
				ALWAYS_SEARCH_USER_PATHS = NO;
				CLANG_CXX_LANGUAGE_STANDARD = "gnu++0x";
				CLANG_CXX_LIBRARY = "libc++";
				CLANG_ENABLE_MODULES = YES;
				CLANG_ENABLE_OBJC_ARC = YES;
				CLANG_WARN_BOOL_CONVERSION = YES;
				CLANG_WARN_CONSTANT_CONVERSION = YES;
				CLANG_WARN_DIRECT_OBJC_ISA_USAGE = YES_ERROR;
				CLANG_WARN_EMPTY_BODY = YES;
				CLANG_WARN_ENUM_CONVERSION = YES;
				CLANG_WARN_INT_CONVERSION = YES;
				CLANG_WARN_OBJC_ROOT_CLASS = YES_ERROR;
				CLANG_WARN_UNREACHABLE_CODE = YES;
				CLANG_WARN__DUPLICATE_METHOD_MATCH = YES;
				"CODE_SIGN_IDENTITY[sdk=iphoneos*]" = "iPhone Developer";
				COPY_PHASE_STRIP = YES;
				ENABLE_NS_ASSERTIONS = NO;
				ENABLE_STRICT_OBJC_MSGSEND = YES;
				GCC_C_LANGUAGE_STANDARD = gnu99;
				GCC_WARN_64_TO_32_BIT_CONVERSION = YES;
				GCC_WARN_ABOUT_RETURN_TYPE = YES_ERROR;
				GCC_WARN_UNDECLARED_SELECTOR = YES;
				GCC_WARN_UNINITIALIZED_AUTOS = YES_AGGRESSIVE;
				GCC_WARN_UNUSED_FUNCTION = YES;
				GCC_WARN_UNUSED_VARIABLE = YES;
				IPHONEOS_DEPLOYMENT_TARGET = 8.1;
				MTL_ENABLE_DEBUG_INFO = NO;
				SDKROOT = iphoneos;
				VALIDATE_PRODUCT = YES;
			};
			name = Release;
		};
		8CB804891A997EAC0070E081 /* Debug */ = {
			isa = XCBuildConfiguration;
			buildSettings = {
				ASSETCATALOG_COMPILER_APPICON_NAME = AppIcon;
				INFOPLIST_FILE = AdaptiveLayout/Info.plist;
				LD_RUNPATH_SEARCH_PATHS = "$(inherited) @executable_path/Frameworks";
				PRODUCT_NAME = "$(TARGET_NAME)";
			};
			name = Debug;
		};
		8CB8048A1A997EAC0070E081 /* Release */ = {
			isa = XCBuildConfiguration;
			buildSettings = {
				ASSETCATALOG_COMPILER_APPICON_NAME = AppIcon;
				INFOPLIST_FILE = AdaptiveLayout/Info.plist;
				LD_RUNPATH_SEARCH_PATHS = "$(inherited) @executable_path/Frameworks";
				PRODUCT_NAME = "$(TARGET_NAME)";
			};
			name = Release;
		};
		8CB8048C1A997EAC0070E081 /* Debug */ = {
			isa = XCBuildConfiguration;
			buildSettings = {
				BUNDLE_LOADER = "$(TEST_HOST)";
				FRAMEWORK_SEARCH_PATHS = (
					"$(SDKROOT)/Developer/Library/Frameworks",
					"$(inherited)",
				);
				GCC_PREPROCESSOR_DEFINITIONS = (
					"DEBUG=1",
					"$(inherited)",
				);
				INFOPLIST_FILE = AdaptiveLayoutTests/Info.plist;
				LD_RUNPATH_SEARCH_PATHS = "$(inherited) @executable_path/Frameworks @loader_path/Frameworks";
				PRODUCT_NAME = "$(TARGET_NAME)";
				TEST_HOST = "$(BUILT_PRODUCTS_DIR)/AdaptiveLayout.app/AdaptiveLayout";
			};
			name = Debug;
		};
		8CB8048D1A997EAC0070E081 /* Release */ = {
			isa = XCBuildConfiguration;
			buildSettings = {
				BUNDLE_LOADER = "$(TEST_HOST)";
				FRAMEWORK_SEARCH_PATHS = (
					"$(SDKROOT)/Developer/Library/Frameworks",
					"$(inherited)",
				);
				INFOPLIST_FILE = AdaptiveLayoutTests/Info.plist;
				LD_RUNPATH_SEARCH_PATHS = "$(inherited) @executable_path/Frameworks @loader_path/Frameworks";
				PRODUCT_NAME = "$(TARGET_NAME)";
				TEST_HOST = "$(BUILT_PRODUCTS_DIR)/AdaptiveLayout.app/AdaptiveLayout";
			};
			name = Release;
		};
/* End XCBuildConfiguration section */

/* Begin XCConfigurationList section */
		8CB804641A997EAC0070E081 /* Build configuration list for PBXProject "AdaptiveLayout" */ = {
			isa = XCConfigurationList;
			buildConfigurations = (
				8CB804861A997EAC0070E081 /* Debug */,
				8CB804871A997EAC0070E081 /* Release */,
			);
			defaultConfigurationIsVisible = 0;
			defaultConfigurationName = Release;
		};
		8CB804881A997EAC0070E081 /* Build configuration list for PBXNativeTarget "AdaptiveLayout" */ = {
			isa = XCConfigurationList;
			buildConfigurations = (
				8CB804891A997EAC0070E081 /* Debug */,
				8CB8048A1A997EAC0070E081 /* Release */,
			);
			defaultConfigurationIsVisible = 0;
		};
		8CB8048B1A997EAC0070E081 /* Build configuration list for PBXNativeTarget "AdaptiveLayoutTests" */ = {
			isa = XCConfigurationList;
			buildConfigurations = (
				8CB8048C1A997EAC0070E081 /* Debug */,
				8CB8048D1A997EAC0070E081 /* Release */,
			);
			defaultConfigurationIsVisible = 0;
		};
/* End XCConfigurationList section */
	};
	rootObject = 8CB804611A997EAC0070E081 /* Project object */;
}
